
Microsoft Visual Studio Solution File, Format Version 12.00
# Visual Studio Version 17
VisualStudioVersion = 17.9.34728.123
MinimumVisualStudioVersion = 10.0.40219.1
Project("{FAE04EC0-301F-11D3-BF4B-00C04F79EFBC}") = "LuaLab", "SecretLuaLaboratoryPlugin\LuaLab.csproj", "{34593D36-037B-4F06-A45F-2E3926288E01}"
EndProject
Global
	GlobalSection(SolutionConfigurationPlatforms) = preSolution
		Debug|Any CPU = Debug|Any CPU
		Release|Any CPU = Release|Any CPU
	EndGlobalSection
	GlobalSection(ProjectConfigurationPlatforms) = postSolution
		{34593D36-037B-4F06-A45F-2E3926288E01}.Debug|Any CPU.ActiveCfg = Debug|Any CPU
		{34593D36-037B-4F06-A45F-2E3926288E01}.Debug|Any CPU.Build.0 = Debug|Any CPU
		{34593D36-037B-4F06-A45F-2E3926288E01}.Release|Any CPU.ActiveCfg = Release|Any CPU
		{34593D36-037B-4F06-A45F-2E3926288E01}.Release|Any CPU.Build.0 = Release|Any CPU
	EndGlobalSection
	GlobalSection(SolutionProperties) = preSolution
		HideSolutionNode = FALSE
	EndGlobalSection
	GlobalSection(ExtensibilityGlobals) = postSolution
		SolutionGuid = {15019313-51E0-4186-AE41-AA1581601F03}
	EndGlobalSection
EndGlobal
